
Microsoft Visual Studio Solution File, Format Version 12.00
# Visual Studio Version 17
VisualStudioVersion = 17.7.34018.315
MinimumVisualStudioVersion = 10.0.40219.1
Project("{9A19103F-16F7-4668-BE54-9A1E7A4F7556}") = "ApiJqProxy", "ApiJqProxy\ApiJqProxy.csproj", "{05C778F3-0A66-4223-9844-3B5230926CAA}"
EndProject
Project("{FAE04EC0-301F-11D3-BF4B-00C04F79EFBC}") = "ApiJqProxy.API.Sample", "ApiJqProxy.API.Sample\ApiJqProxy.API.Sample.csproj", "{D73B933E-E6CE-4278-AA16-4C907799C9E8}"
EndProject
Project("{FAE04EC0-301F-11D3-BF4B-00C04F79EFBC}") = "ApiJqProxy.Web.Sample", "ApiJqProxy.Web.Sample\ApiJqProxy.Web.Sample.csproj", "{7DBA35D1-3E04-487A-B88F-62131528F37B}"
EndProject
Global
	GlobalSection(SolutionConfigurationPlatforms) = preSolution
		Debug|Any CPU = Debug|Any CPU
		Release|Any CPU = Release|Any CPU
	EndGlobalSection
	GlobalSection(ProjectConfigurationPlatforms) = postSolution
		{05C778F3-0A66-4223-9844-3B5230926CAA}.Debug|Any CPU.ActiveCfg = Debug|Any CPU
		{05C778F3-0A66-4223-9844-3B5230926CAA}.Debug|Any CPU.Build.0 = Debug|Any CPU
		{05C778F3-0A66-4223-9844-3B5230926CAA}.Release|Any CPU.ActiveCfg = Release|Any CPU
		{05C778F3-0A66-4223-9844-3B5230926CAA}.Release|Any CPU.Build.0 = Release|Any CPU
		{D73B933E-E6CE-4278-AA16-4C907799C9E8}.Debug|Any CPU.ActiveCfg = Debug|Any CPU
		{D73B933E-E6CE-4278-AA16-4C907799C9E8}.Debug|Any CPU.Build.0 = Debug|Any CPU
		{D73B933E-E6CE-4278-AA16-4C907799C9E8}.Release|Any CPU.ActiveCfg = Release|Any CPU
		{D73B933E-E6CE-4278-AA16-4C907799C9E8}.Release|Any CPU.Build.0 = Release|Any CPU
		{7DBA35D1-3E04-487A-B88F-62131528F37B}.Debug|Any CPU.ActiveCfg = Debug|Any CPU
		{7DBA35D1-3E04-487A-B88F-62131528F37B}.Debug|Any CPU.Build.0 = Debug|Any CPU
		{7DBA35D1-3E04-487A-B88F-62131528F37B}.Release|Any CPU.ActiveCfg = Release|Any CPU
		{7DBA35D1-3E04-487A-B88F-62131528F37B}.Release|Any CPU.Build.0 = Release|Any CPU
	EndGlobalSection
	GlobalSection(SolutionProperties) = preSolution
		HideSolutionNode = FALSE
	EndGlobalSection
	GlobalSection(ExtensibilityGlobals) = postSolution
		SolutionGuid = {DF25127D-B789-40F6-8C02-9395FE21F4EB}
	EndGlobalSection
EndGlobal
